dependencies:
- name: catalog
  repository: https://raw.githubusercontent.com/ibm-cloud-architecture/light-bluecompute/master/catalog/chart/release
  version: 0.0.1
- name: webapp
  repository: https://raw.githubusercontent.com/ibm-cloud-architecture/light-bluecompute/master/web-app-lite/webapp/chart/release/
  version: 0.0.1
- name: mysql
  repository: https://raw.githubusercontent.com/ibm-cloud-architecture/light-bluecompute/master/mysql/chart/release
  version: 0.0.1
digest: sha256:dfa46f728947b3972351991ce1d1e5e432854cf9252857fd55c8bdc1f175b92c
generated: 2019-10-18T15:36:56.31801964-05:00
